
Microsoft Visual Studio Solution File, Format Version 12.00
# Visual Studio Version 17
VisualStudioVersion = 17.2.32630.192
MinimumVisualStudioVersion = 10.0.40219.1
Project("{FAE04EC0-301F-11D3-BF4B-00C04F79EFBC}") = "NumberGuesser", "NumberGuesser\NumberGuesser.csproj", "{B1C6EF8F-EDAA-416C-ADBD-4F6553537453}"
EndProject
Global
	GlobalSection(SolutionConfigurationPlatforms) = preSolution
		Debug|Any CPU = Debug|Any CPU
		Release|Any CPU = Release|Any CPU
	EndGlobalSection
	GlobalSection(ProjectConfigurationPlatforms) = postSolution
		{B1C6EF8F-EDAA-416C-ADBD-4F6553537453}.Debug|Any CPU.ActiveCfg = Debug|Any CPU
		{B1C6EF8F-EDAA-416C-ADBD-4F6553537453}.Debug|Any CPU.Build.0 = Debug|Any CPU
		{B1C6EF8F-EDAA-416C-ADBD-4F6553537453}.Release|Any CPU.ActiveCfg = Release|Any CPU
		{B1C6EF8F-EDAA-416C-ADBD-4F6553537453}.Release|Any CPU.Build.0 = Release|Any CPU
	EndGlobalSection
	GlobalSection(SolutionProperties) = preSolution
		HideSolutionNode = FALSE
	EndGlobalSection
	GlobalSection(ExtensibilityGlobals) = postSolution
		SolutionGuid = {220B4F87-7519-4D20-82B5-41A65FA10369}
	EndGlobalSection
EndGlobal
